
Microsoft Visual Studio Solution File, Format Version 12.00
# Visual Studio Version 17
VisualStudioVersion = 17.5.33530.505
MinimumVisualStudioVersion = 10.0.40219.1
Project("{FAE04EC0-301F-11D3-BF4B-00C04F79EFBC}") = "Slando", "Slando\Slando.csproj", "{F3489DAF-7C99-423E-9C7F-764394D398A9}"
EndProject
Project("{FAE04EC0-301F-11D3-BF4B-00C04F79EFBC}") = "DataAccess", "DataAccess\DataAccess.csproj", "{B078B501-68B7-4B60-8B37-6E14294CA114}"
EndProject
Global
	GlobalSection(SolutionConfigurationPlatforms) = preSolution
		Debug|Any CPU = Debug|Any CPU
		Release|Any CPU = Release|Any CPU
	EndGlobalSection
	GlobalSection(ProjectConfigurationPlatforms) = postSolution
		{F3489DAF-7C99-423E-9C7F-764394D398A9}.Debug|Any CPU.ActiveCfg = Debug|Any CPU
		{F3489DAF-7C99-423E-9C7F-764394D398A9}.Debug|Any CPU.Build.0 = Debug|Any CPU
		{F3489DAF-7C99-423E-9C7F-764394D398A9}.Release|Any CPU.ActiveCfg = Release|Any CPU
		{F3489DAF-7C99-423E-9C7F-764394D398A9}.Release|Any CPU.Build.0 = Release|Any CPU
		{B078B501-68B7-4B60-8B37-6E14294CA114}.Debug|Any CPU.ActiveCfg = Debug|Any CPU
		{B078B501-68B7-4B60-8B37-6E14294CA114}.Debug|Any CPU.Build.0 = Debug|Any CPU
		{B078B501-68B7-4B60-8B37-6E14294CA114}.Release|Any CPU.ActiveCfg = Release|Any CPU
		{B078B501-68B7-4B60-8B37-6E14294CA114}.Release|Any CPU.Build.0 = Release|Any CPU
	EndGlobalSection
	GlobalSection(SolutionProperties) = preSolution
		HideSolutionNode = FALSE
	EndGlobalSection
	GlobalSection(ExtensibilityGlobals) = postSolution
		SolutionGuid = {5D17755D-CAE0-42C5-A695-F4570B0203B4}
	EndGlobalSection
EndGlobal
